# THIS IS AN AUTOGENERATED FILE. DO NOT EDIT THIS FILE DIRECTLY.
# yarn lockfile v1


"@sentry/apm@5.12.3":
  version "5.12.3"
  resolved "https://registry.yarnpkg.com/@sentry/apm/-/apm-5.12.3.tgz#23a5e9c771a8748f59426a1d0f8b1fbb9b72a717"
  dependencies:
    "@sentry/browser" "5.12.1"
    "@sentry/hub" "5.12.0"
    "@sentry/minimal" "5.12.0"
    "@sentry/types" "5.12.0"
    "@sentry/utils" "5.12.0"
    tslib "^1.9.3"

"@sentry/browser@5.12.1":
  version "5.12.1"
  resolved "https://registry.yarnpkg.com/@sentry/browser/-/browser-5.12.1.tgz#dc1f268595269fb7277f55eb625c7e92d76dc01b"
  dependencies:
    "@sentry/core" "5.12.0"
    "@sentry/types" "5.12.0"
    "@sentry/utils" "5.12.0"
    tslib "^1.9.3"

"@sentry/core@5.12.0":
  version "5.12.0"
  resolved "https://registry.yarnpkg.com/@sentry/core/-/core-5.12.0.tgz#d6380c4ef7beee5f418ac1d0e5be86a2de2af449"
  dependencies:
    "@sentry/hub" "5.12.0"
    "@sentry/minimal" "5.12.0"
    "@sentry/types" "5.12.0"
    "@sentry/utils" "5.12.0"
    tslib "^1.9.3"

"@sentry/hub@5.12.0":
  version "5.12.0"
  resolved "https://registry.yarnpkg.com/@sentry/hub/-/hub-5.12.0.tgz#5e8c8f249f5bdbeb8cc4ec02c2ccc53a67f2cc02"
  dependencies:
    "@sentry/types" "5.12.0"
    "@sentry/utils" "5.12.0"
    tslib "^1.9.3"

"@sentry/minimal@5.12.0":
  version "5.12.0"
  resolved "https://registry.yarnpkg.com/@sentry/minimal/-/minimal-5.12.0.tgz#2611e2aa520c1edb7999e6de51bd65ec66341757"
  dependencies:
    "@sentry/hub" "5.12.0"
    "@sentry/types" "5.12.0"
    tslib "^1.9.3"

"@sentry/node@^5.12.3":
  version "5.12.3"
  resolved "https://registry.yarnpkg.com/@sentry/node/-/node-5.12.3.tgz#4a4934b04c5163fc340312eaf0d152990aa7140f"
  dependencies:
    "@sentry/apm" "5.12.3"
    "@sentry/core" "5.12.0"
    "@sentry/hub" "5.12.0"
    "@sentry/types" "5.12.0"
    "@sentry/utils" "5.12.0"
    cookie "^0.3.1"
    https-proxy-agent "^4.0.0"
    lru_map "^0.3.3"
    tslib "^1.9.3"

"@sentry/types@5.12.0":
  version "5.12.0"
  resolved "https://registry.yarnpkg.com/@sentry/types/-/types-5.12.0.tgz#5367e53c74261beea01502e3f7b6f3d822682a31"

"@sentry/utils@5.12.0":
  version "5.12.0"
  resolved "https://registry.yarnpkg.com/@sentry/utils/-/utils-5.12.0.tgz#62967f934a3ee6d21472eac0219084e37225933e"
  dependencies:
    "@sentry/types" "5.12.0"
    tslib "^1.9.3"

agent-base@5:
  version "5.1.1"
  resolved "https://registry.yarnpkg.com/agent-base/-/agent-base-5.1.1.tgz#e8fb3f242959db44d63be665db7a8e739537a32c"

async-limiter@~1.0.0:
  version "1.0.1"
  resolved "https://registry.yarnpkg.com/async-limiter/-/async-limiter-1.0.1.tgz#dd379e94f0db8310b08291f9d64c3209766617fd"

cookie@^0.3.1:
  version "0.3.1"
  resolved "https://registry.yarnpkg.com/cookie/-/cookie-0.3.1.tgz#e7e0a1f9ef43b4c8ba925c5c5a96e806d16873bb"

debug@4:
  version "4.1.1"
  resolved "https://registry.yarnpkg.com/debug/-/debug-4.1.1.tgz#3b72260255109c6b589cee050f1d516139664791"
  dependencies:
    ms "^2.1.1"

discord.js@^11.5.1:
  version "11.5.1"
  resolved "https://registry.yarnpkg.com/discord.js/-/discord.js-11.5.1.tgz#910fb9f6410328581093e044cafb661783a4d9e8"
  dependencies:
    long "^4.0.0"
    prism-media "^0.0.3"
    snekfetch "^3.6.4"
    tweetnacl "^1.0.0"
    ws "^6.0.0"

html-entities@^1.1.3:
  version "1.2.1"
  resolved "https://registry.yarnpkg.com/html-entities/-/html-entities-1.2.1.tgz#0df29351f0721163515dfb9e5543e5f6eed5162f"

https-proxy-agent@^4.0.0:
  version "4.0.0"
  resolved "https://registry.yarnpkg.com/https-proxy-agent/-/https-proxy-agent-4.0.0.tgz#702b71fb5520a132a66de1f67541d9e62154d82b"
  dependencies:
    agent-base "5"
    debug "4"

junk@^3.1.0:
  version "3.1.0"
  resolved "https://registry.yarnpkg.com/junk/-/junk-3.1.0.tgz#31499098d902b7e98c5d9b9c80f43457a88abfa1"

long@^4.0.0:
  version "4.0.0"
  resolved "https://registry.yarnpkg.com/long/-/long-4.0.0.tgz#9a7b71cfb7d361a194ea555241c92f7468d5bf28"

lru_map@^0.3.3:
  version "0.3.3"
  resolved "https://registry.yarnpkg.com/lru_map/-/lru_map-0.3.3.tgz#b5c8351b9464cbd750335a79650a0ec0e56118dd"

m3u8stream@^0.6.3:
  version "0.6.5"
  resolved "https://registry.yarnpkg.com/m3u8stream/-/m3u8stream-0.6.5.tgz#a41713cb7144f8fe1eb944d32a8848be8cb2c951"
  dependencies:
    miniget "^1.6.1"
    sax "^1.2.4"

miniget@^1.6.0, miniget@^1.6.1:
  version "1.6.1"
  resolved "https://registry.yarnpkg.com/miniget/-/miniget-1.6.1.tgz#f1ae08a34e06a2b1c3ace568384ea0def2fe5813"

ms@^2.1.1:
  version "2.1.2"
  resolved "https://registry.yarnpkg.com/ms/-/ms-2.1.2.tgz#d09d1f357b443f493382a8eb3ccd183872ae6009"

opusscript@^0.0.7:
  version "0.0.7"
  resolved "https://registry.yarnpkg.com/opusscript/-/opusscript-0.0.7.tgz#7dd7ec55b302d26bf588e6fc3feb090b8c7da856"

prism-media@^0.0.3:
  version "0.0.3"
  resolved "https://registry.yarnpkg.com/prism-media/-/prism-media-0.0.3.tgz#8842d4fae804f099d3b48a9a38e3c2bab6f4855b"

sax@^1.1.3, sax@^1.2.4:
  version "1.2.4"
  resolved "https://registry.yarnpkg.com/sax/-/sax-1.2.4.tgz#2816234e2378bddc4e5354fab5caa895df7100d9"

snekfetch@^3.6.4:
  version "3.6.4"
  resolved "https://registry.yarnpkg.com/snekfetch/-/snekfetch-3.6.4.tgz#d13e80a616d892f3d38daae4289f4d258a645120"

tslib@^1.9.3:
  version "1.10.0"
  resolved "https://registry.yarnpkg.com/tslib/-/tslib-1.10.0.tgz#c3c19f95973fb0a62973fb09d90d961ee43e5c8a"

tweetnacl@^1.0.0:
  version "1.0.3"
  resolved "https://registry.yarnpkg.com/tweetnacl/-/tweetnacl-1.0.3.tgz#ac0af71680458d8a6378d0d0d050ab1407d35596"

ws@^6.0.0:
  version "6.2.2"
  resolved "https://registry.yarnpkg.com/ws/-/ws-6.2.2.tgz#dd5cdbd57a9979916097652d78f1cc5faea0c32e"
  dependencies:
    async-limiter "~1.0.0"

ytdl-core@^1.0.7:
  version "1.0.7"
  resolved "https://registry.yarnpkg.com/ytdl-core/-/ytdl-core-1.0.7.tgz#2cda813e6429eb35aee349656b8f5693314b6992"
  dependencies:
    html-entities "^1.1.3"
    m3u8stream "^0.6.3"
    miniget "^1.6.0"
    sax "^1.1.3"
